
Microsoft Visual Studio Solution File, Format Version 12.00
# Visual Studio Version 17
VisualStudioVersion = 17.9.34728.123
MinimumVisualStudioVersion = 10.0.40219.1
Project("{FAE04EC0-301F-11D3-BF4B-00C04F79EFBC}") = "ErsaCommerce.Api", "ErsaCommerce.Api\ErsaCommerce.Api.csproj", "{194CADE0-9B2B-4502-ADA1-A3ABBE50683B}"
EndProject
Project("{FAE04EC0-301F-11D3-BF4B-00C04F79EFBC}") = "ErsaCommerce.Application", "ErsaCommerce.Application\ErsaCommerce.Application.csproj", "{A7941B13-E7FC-48B7-AC70-A8A9CEA49F16}"
EndProject
Project("{FAE04EC0-301F-11D3-BF4B-00C04F79EFBC}") = "ErsaCommerce.Domain", "ErsaCommerce.Domain\ErsaCommerce.Domain.csproj", "{77A527FE-F134-47A5-87B5-E96D49DF40D9}"
EndProject
Project("{FAE04EC0-301F-11D3-BF4B-00C04F79EFBC}") = "ErsaCommerce.Infrastructure", "ErsaCommerce.Infrastructure\ErsaCommerce.Infrastructure.csproj", "{199A64DA-4BE6-4C66-ABEC-DA1093BBA1EA}"
EndProject
Project("{FAE04EC0-301F-11D3-BF4B-00C04F79EFBC}") = "ErsaCommerce.Data", "ErsaCommerce.Data\ErsaCommerce.Data.csproj", "{3BDEAD89-DD56-4A78-A160-2CA707778546}"
EndProject
Project("{FAE04EC0-301F-11D3-BF4B-00C04F79EFBC}") = "ErsaCommerce.Shared", "ErsaCommerce.Shared\ErsaCommerce.Shared.csproj", "{30CA012B-21FA-4EB1-BDF3-AD8D9C2CA9C1}"
EndProject
Global
	GlobalSection(SolutionConfigurationPlatforms) = preSolution
		Debug|Any CPU = Debug|Any CPU
		Release|Any CPU = Release|Any CPU
	EndGlobalSection
	GlobalSection(ProjectConfigurationPlatforms) = postSolution
		{194CADE0-9B2B-4502-ADA1-A3ABBE50683B}.Debug|Any CPU.ActiveCfg = Debug|Any CPU
		{194CADE0-9B2B-4502-ADA1-A3ABBE50683B}.Debug|Any CPU.Build.0 = Debug|Any CPU
		{194CADE0-9B2B-4502-ADA1-A3ABBE50683B}.Release|Any CPU.ActiveCfg = Release|Any CPU
		{194CADE0-9B2B-4502-ADA1-A3ABBE50683B}.Release|Any CPU.Build.0 = Release|Any CPU
		{A7941B13-E7FC-48B7-AC70-A8A9CEA49F16}.Debug|Any CPU.ActiveCfg = Debug|Any CPU
		{A7941B13-E7FC-48B7-AC70-A8A9CEA49F16}.Debug|Any CPU.Build.0 = Debug|Any CPU
		{A7941B13-E7FC-48B7-AC70-A8A9CEA49F16}.Release|Any CPU.ActiveCfg = Release|Any CPU
		{A7941B13-E7FC-48B7-AC70-A8A9CEA49F16}.Release|Any CPU.Build.0 = Release|Any CPU
		{77A527FE-F134-47A5-87B5-E96D49DF40D9}.Debug|Any CPU.ActiveCfg = Debug|Any CPU
		{77A527FE-F134-47A5-87B5-E96D49DF40D9}.Debug|Any CPU.Build.0 = Debug|Any CPU
		{77A527FE-F134-47A5-87B5-E96D49DF40D9}.Release|Any CPU.ActiveCfg = Release|Any CPU
		{77A527FE-F134-47A5-87B5-E96D49DF40D9}.Release|Any CPU.Build.0 = Release|Any CPU
		{199A64DA-4BE6-4C66-ABEC-DA1093BBA1EA}.Debug|Any CPU.ActiveCfg = Debug|Any CPU
		{199A64DA-4BE6-4C66-ABEC-DA1093BBA1EA}.Debug|Any CPU.Build.0 = Debug|Any CPU
		{199A64DA-4BE6-4C66-ABEC-DA1093BBA1EA}.Release|Any CPU.ActiveCfg = Release|Any CPU
		{199A64DA-4BE6-4C66-ABEC-DA1093BBA1EA}.Release|Any CPU.Build.0 = Release|Any CPU
		{3BDEAD89-DD56-4A78-A160-2CA707778546}.Debug|Any CPU.ActiveCfg = Debug|Any CPU
		{3BDEAD89-DD56-4A78-A160-2CA707778546}.Debug|Any CPU.Build.0 = Debug|Any CPU
		{3BDEAD89-DD56-4A78-A160-2CA707778546}.Release|Any CPU.ActiveCfg = Release|Any CPU
		{3BDEAD89-DD56-4A78-A160-2CA707778546}.Release|Any CPU.Build.0 = Release|Any CPU
		{30CA012B-21FA-4EB1-BDF3-AD8D9C2CA9C1}.Debug|Any CPU.ActiveCfg = Debug|Any CPU
		{30CA012B-21FA-4EB1-BDF3-AD8D9C2CA9C1}.Debug|Any CPU.Build.0 = Debug|Any CPU
		{30CA012B-21FA-4EB1-BDF3-AD8D9C2CA9C1}.Release|Any CPU.ActiveCfg = Release|Any CPU
		{30CA012B-21FA-4EB1-BDF3-AD8D9C2CA9C1}.Release|Any CPU.Build.0 = Release|Any CPU
	EndGlobalSection
	GlobalSection(SolutionProperties) = preSolution
		HideSolutionNode = FALSE
	EndGlobalSection
	GlobalSection(ExtensibilityGlobals) = postSolution
		SolutionGuid = {0815ADA8-97C4-4935-BAA2-EC79BF1EED46}
	EndGlobalSection
EndGlobal
